// !$*UTF8*$!
{
	archiveVersion = 1;
	classes = {
	};
	objectVersion = 46;
	objects = {

/* Begin PBXBuildFile section */
		67C369BD18A383A700EA237F /* Foundation.framework in Frameworks */ = {isa = PBXBuildFile; fileRef = 67C369BC18A383A700EA237F /* Foundation.framework */; };
		67C369BF18A383A700EA237F /* CoreGraphics.framework in Frameworks */ = {isa = PBXBuildFile; fileRef = 67C369BE18A383A700EA237F /* CoreGraphics.framework */; };
		67C369C118A383A700EA237F /* UIKit.framework in Frameworks */ = {isa = PBXBuildFile; fileRef = 67C369C018A383A700EA237F /* UIKit.framework */; };
		67C369C718A383A700EA237F /* InfoPlist.strings in Resources */ = {isa = PBXBuildFile; fileRef = 67C369C518A383A700EA237F /* InfoPlist.strings */; };
		67C369C918A383A700EA237F /* main.m in Sources */ = {isa = PBXBuildFile; fileRef = 67C369C818A383A700EA237F /* main.m */; };
		67C369CD18A383A700EA237F /* AttributorAppDelegate.m in Sources */ = {isa = PBXBuildFile; fileRef = 67C369CC18A383A700EA237F /* AttributorAppDelegate.m */; };
		67C369D018A383A700EA237F /* Main.storyboard in Resources */ = {isa = PBXBuildFile; fileRef = 67C369CE18A383A700EA237F /* Main.storyboard */; };
		67C369D318A383A700EA237F /* AttributorViewController.m in Sources */ = {isa = PBXBuildFile; fileRef = 67C369D218A383A700EA237F /* AttributorViewController.m */; };
		67C369D518A383A700EA237F /* Images.xcassets in Resources */ = {isa = PBXBuildFile; fileRef = 67C369D418A383A700EA237F /* Images.xcassets */; };
		67C369DC18A383A700EA237F /* XCTest.framework in Frameworks */ = {isa = PBXBuildFile; fileRef = 67C369DB18A383A700EA237F /* XCTest.framework */; };
		67C369DD18A383A700EA237F /* Foundation.framework in Frameworks */ = {isa = PBXBuildFile; fileRef = 67C369BC18A383A700EA237F /* Foundation.framework */; };
		67C369DE18A383A700EA237F /* UIKit.framework in Frameworks */ = {isa = PBXBuildFile; fileRef = 67C369C018A383A700EA237F /* UIKit.framework */; };
		67C369E618A383A700EA237F /* InfoPlist.strings in Resources */ = {isa = PBXBuildFile; fileRef = 67C369E418A383A700EA237F /* InfoPlist.strings */; };
		67C369E818A383A700EA237F /* AttributorTests.m in Sources */ = {isa = PBXBuildFile; fileRef = 67C369E718A383A700EA237F /* AttributorTests.m */; };
/* End PBXBuildFile section */

/* Begin PBXContainerItemProxy section */
		67C369DF18A383A700EA237F /* PBXContainerItemProxy */ = {
			isa = PBXContainerItemProxy;
			containerPortal = 67C369B118A383A700EA237F /* Project object */;
			proxyType = 1;
			remoteGlobalIDString = 67C369B818A383A700EA237F;
			remoteInfo = Attributor;
		};
/* End PBXContainerItemProxy section */

/* Begin PBXFileReference section */
		67C369B918A383A700EA237F /* Attributor.app */ = {isa = PBXFileReference; explicitFileType = wrapper.application; includeInIndex = 0; path = Attributor.app; sourceTree = BUILT_PRODUCTS_DIR; };
		67C369BC18A383A700EA237F /* Foundation.framework */ = {isa = PBXFileReference; lastKnownFileType = wrapper.framework; name = Foundation.framework; path = System/Library/Frameworks/Foundation.framework; sourceTree = SDKROOT; };
		67C369BE18A383A700EA237F /* CoreGraphics.framework */ = {isa = PBXFileReference; lastKnownFileType = wrapper.framework; name = CoreGraphics.framework; path = System/Library/Frameworks/CoreGraphics.framework; sourceTree = SDKROOT; };
		67C369C018A383A700EA237F /* UIKit.framework */ = {isa = PBXFileReference; lastKnownFileType = wrapper.framework; name = UIKit.framework; path = System/Library/Frameworks/UIKit.framework; sourceTree = SDKROOT; };
		67C369C418A383A700EA237F /* Attributor-Info.plist */ = {isa = PBXFileReference; lastKnownFileType = text.plist.xml; path = "Attributor-Info.plist"; sourceTree = "<group>"; };
		67C369C618A383A700EA237F /* en */ = {isa = PBXFileReference; lastKnownFileType = text.plist.strings; name = en; path = en.lproj/InfoPlist.strings; sourceTree = "<group>"; };
		67C369C818A383A700EA237F /* main.m */ = {isa = PBXFileReference; lastKnownFileType = sourcecode.c.objc; path = main.m; sourceTree = "<group>"; };
		67C369CA18A383A700EA237F /* Attributor-Prefix.pch */ = {isa = PBXFileReference; lastKnownFileType = sourcecode.c.h; path = "Attributor-Prefix.pch"; sourceTree = "<group>"; };
		67C369CB18A383A700EA237F /* AttributorAppDelegate.h */ = {isa = PBXFileReference; lastKnownFileType = sourcecode.c.h; path = AttributorAppDelegate.h; sourceTree = "<group>"; };
		67C369CC18A383A700EA237F /* AttributorAppDelegate.m */ = {isa = PBXFileReference; lastKnownFileType = sourcecode.c.objc; path = AttributorAppDelegate.m; sourceTree = "<group>"; };
		67C369CF18A383A700EA237F /* Base */ = {isa = PBXFileReference; lastKnownFileType = file.storyboard; name = Base; path = Base.lproj/Main.storyboard; sourceTree = "<group>"; };
		67C369D118A383A700EA237F /* AttributorViewController.h */ = {isa = PBXFileReference; lastKnownFileType = sourcecode.c.h; path = AttributorViewController.h; sourceTree = "<group>"; };
		67C369D218A383A700EA237F /* AttributorViewController.m */ = {isa = PBXFileReference; lastKnownFileType = sourcecode.c.objc; path = AttributorViewController.m; sourceTree = "<group>"; };
		67C369D418A383A700EA237F /* Images.xcassets */ = {isa = PBXFileReference; lastKnownFileType = folder.assetcatalog; path = Images.xcassets; sourceTree = "<group>"; };
		67C369DA18A383A700EA237F /* AttributorTests.xctest */ = {isa = PBXFileReference; explicitFileType = wrapper.cfbundle; includeInIndex = 0; path = AttributorTests.xctest; sourceTree = BUILT_PRODUCTS_DIR; };
		67C369DB18A383A700EA237F /* XCTest.framework */ = {isa = PBXFileReference; lastKnownFileType = wrapper.framework; name = XCTest.framework; path = Library/Frameworks/XCTest.framework; sourceTree = DEVELOPER_DIR; };
		67C369E318A383A700EA237F /* AttributorTests-Info.plist */ = {isa = PBXFileReference; lastKnownFileType = text.plist.xml; path = "AttributorTests-Info.plist"; sourceTree = "<group>"; };
		67C369E518A383A700EA237F /* en */ = {isa = PBXFileReference; lastKnownFileType = text.plist.strings; name = en; path = en.lproj/InfoPlist.strings; sourceTree = "<group>"; };
		67C369E718A383A700EA237F /* AttributorTests.m */ = {isa = PBXFileReference; lastKnownFileType = sourcecode.c.objc; path = AttributorTests.m; sourceTree = "<group>"; };
/* End PBXFileReference section */

/* Begin PBXFrameworksBuildPhase section */
		67C369B618A383A700EA237F /* Frameworks */ = {
			isa = PBXFrameworksBuildPhase;
			buildActionMask = 2147483647;
			files = (
				67C369BF18A383A700EA237F /* CoreGraphics.framework in Frameworks */,
				67C369C118A383A700EA237F /* UIKit.framework in Frameworks */,
				67C369BD18A383A700EA237F /* Foundation.framework in Frameworks */,
			);
			runOnlyForDeploymentPostprocessing = 0;
		};
		67C369D718A383A700EA237F /* Frameworks */ = {
			isa = PBXFrameworksBuildPhase;
			buildActionMask = 2147483647;
			files = (
				67C369DC18A383A700EA237F /* XCTest.framework in Frameworks */,
				67C369DE18A383A700EA237F /* UIKit.framework in Frameworks */,
				67C369DD18A383A700EA237F /* Foundation.framework in Frameworks */,
			);
			runOnlyForDeploymentPostprocessing = 0;
		};
/* End PBXFrameworksBuildPhase section */

/* Begin PBXGroup section */
		67C369B018A383A700EA237F = {
			isa = PBXGroup;
			children = (
				67C369C218A383A700EA237F /* Attributor */,
				67C369E118A383A700EA237F /* AttributorTests */,
				67C369BB18A383A700EA237F /* Frameworks */,
				67C369BA18A383A700EA237F /* Products */,
			);
			sourceTree = "<group>";
		};
		67C369BA18A383A700EA237F /* Products */ = {
			isa = PBXGroup;
			children = (
				67C369B918A383A700EA237F /* Attributor.app */,
				67C369DA18A383A700EA237F /* AttributorTests.xctest */,
			);
			name = Products;
			sourceTree = "<group>";
		};
		67C369BB18A383A700EA237F /* Frameworks */ = {
			isa = PBXGroup;
			children = (
				67C369BC18A383A700EA237F /* Foundation.framework */,
				67C369BE18A383A700EA237F /* CoreGraphics.framework */,
				67C369C018A383A700EA237F /* UIKit.framework */,
				67C369DB18A383A700EA237F /* XCTest.framework */,
			);
			name = Frameworks;
			sourceTree = "<group>";
		};
		67C369C218A383A700EA237F /* Attributor */ = {
			isa = PBXGroup;
			children = (
				67C369CE18A383A700EA237F /* Main.storyboard */,
				67C369D118A383A700EA237F /* AttributorViewController.h */,
				67C369D218A383A700EA237F /* AttributorViewController.m */,
				67C369D418A383A700EA237F /* Images.xcassets */,
				67C369C318A383A700EA237F /* Supporting Files */,
			);
			path = Attributor;
			sourceTree = "<group>";
		};
		67C369C318A383A700EA237F /* Supporting Files */ = {
			isa = PBXGroup;
			children = (
				67C369CB18A383A700EA237F /* AttributorAppDelegate.h */,
				67C369CC18A383A700EA237F /* AttributorAppDelegate.m */,
				67C369C418A383A700EA237F /* Attributor-Info.plist */,
				67C369C518A383A700EA237F /* InfoPlist.strings */,
				67C369C818A383A700EA237F /* main.m */,
				67C369CA18A383A700EA237F /* Attributor-Prefix.pch */,
			);
			name = "Supporting Files";
			sourceTree = "<group>";
		};
		67C369E118A383A700EA237F /* AttributorTests */ = {
			isa = PBXGroup;
			children = (
				67C369E718A383A700EA237F /* AttributorTests.m */,
				67C369E218A383A700EA237F /* Supporting Files */,
			);
			path = AttributorTests;
			sourceTree = "<group>";
		};
		67C369E218A383A700EA237F /* Supporting Files */ = {
			isa = PBXGroup;
			children = (
				67C369E318A383A700EA237F /* AttributorTests-Info.plist */,
				67C369E418A383A700EA237F /* InfoPlist.strings */,
			);
			name = "Supporting Files";
			sourceTree = "<group>";
		};
/* End PBXGroup section */

/* Begin PBXNativeTarget section */
		67C369B818A383A700EA237F /* Attributor */ = {
			isa = PBXNativeTarget;
			buildConfigurationList = 67C369EB18A383A700EA237F /* Build configuration list for PBXNativeTarget "Attributor" */;
			buildPhases = (
				67C369B518A383A700EA237F /* Sources */,
				67C369B618A383A700EA237F /* Frameworks */,
				67C369B718A383A700EA237F /* Resources */,
			);
			buildRules = (
			);
			dependencies = (
			);
			name = Attributor;
			productName = Attributor;
			productReference = 67C369B918A383A700EA237F /* Attributor.app */;
			productType = "com.apple.product-type.application";
		};
		67C369D918A383A700EA237F /* AttributorTests */ = {
			isa = PBXNativeTarget;
			buildConfigurationList = 67C369EE18A383A700EA237F /* Build configuration list for PBXNativeTarget "AttributorTests" */;
			buildPhases = (
				67C369D618A383A700EA237F /* Sources */,
				67C369D718A383A700EA237F /* Frameworks */,
				67C369D818A383A700EA237F /* Resources */,
			);
			buildRules = (
			);
			dependencies = (
				67C369E018A383A700EA237F /* PBXTargetDependency */,
			);
			name = AttributorTests;
			productName = AttributorTests;
			productReference = 67C369DA18A383A700EA237F /* AttributorTests.xctest */;
			productType = "com.apple.product-type.bundle.unit-test";
		};
/* End PBXNativeTarget section */

/* Begin PBXProject section */
		67C369B118A383A700EA237F /* Project object */ = {
			isa = PBXProject;
			attributes = {
				CLASSPREFIX = Attributor;
				LastUpgradeCheck = 0500;
				ORGANIZATIONNAME = "Lixin Fan";
				TargetAttributes = {
					67C369D918A383A700EA237F = {
						TestTargetID = 67C369B818A383A700EA237F;
					};
				};
			};
			buildConfigurationList = 67C369B418A383A700EA237F /* Build configuration list for PBXProject "Attributor" */;
			compatibilityVersion = "Xcode 3.2";
			developmentRegion = English;
			hasScannedForEncodings = 0;
			knownRegions = (
				en,
				Base,
			);
			mainGroup = 67C369B018A383A700EA237F;
			productRefGroup = 67C369BA18A383A700EA237F /* Products */;
			projectDirPath = "";
			projectRoot = "";
			targets = (
				67C369B818A383A700EA237F /* Attributor */,
				67C369D918A383A700EA237F /* AttributorTests */,
			);
		};
/* End PBXProject section */

/* Begin PBXResourcesBuildPhase section */
		67C369B718A383A700EA237F /* Resources */ = {
			isa = PBXResourcesBuildPhase;
			buildActionMask = 2147483647;
			files = (
				67C369D518A383A700EA237F /* Images.xcassets in Resources */,
				67C369C718A383A700EA237F /* InfoPlist.strings in Resources */,
				67C369D018A383A700EA237F /* Main.storyboard in Resources */,
			);
			runOnlyForDeploymentPostprocessing = 0;
		};
		67C369D818A383A700EA237F /* Resources */ = {
			isa = PBXResourcesBuildPhase;
			buildActionMask = 2147483647;
			files = (
				67C369E618A383A700EA237F /* InfoPlist.strings in Resources */,
			);
			runOnlyForDeploymentPostprocessing = 0;
		};
/* End PBXResourcesBuildPhase section */

/* Begin PBXSourcesBuildPhase section */
		67C369B518A383A700EA237F /* Sources */ = {
			isa = PBXSourcesBuildPhase;
			buildActionMask = 2147483647;
			files = (
				67C369CD18A383A700EA237F /* AttributorAppDelegate.m in Sources */,
				67C369D318A383A700EA237F /* AttributorViewController.m in Sources */,
				67C369C918A383A700EA237F /* main.m in Sources */,
			);
			runOnlyForDeploymentPostprocessing = 0;
		};
		67C369D618A383A700EA237F /* Sources */ = {
			isa = PBXSourcesBuildPhase;
			buildActionMask = 2147483647;
			files = (
				67C369E818A383A700EA237F /* AttributorTests.m in Sources */,
			);
			runOnlyForDeploymentPostprocessing = 0;
		};
/* End PBXSourcesBuildPhase section */

/* Begin PBXTargetDependency section */
		67C369E018A383A700EA237F /* PBXTargetDependency */ = {
			isa = PBXTargetDependency;
			target = 67C369B818A383A700EA237F /* Attributor */;
			targetProxy = 67C369DF18A383A700EA237F /* PBXContainerItemProxy */;
		};
/* End PBXTargetDependency section */

/* Begin PBXVariantGroup section */
		67C369C518A383A700EA237F /* InfoPlist.strings */ = {
			isa = PBXVariantGroup;
			children = (
				67C369C618A383A700EA237F /* en */,
			);
			name = InfoPlist.strings;
			sourceTree = "<group>";
		};
		67C369CE18A383A700EA237F /* Main.storyboard */ = {
			isa = PBXVariantGroup;
			children = (
				67C369CF18A383A700EA237F /* Base */,
			);
			name = Main.storyboard;
			sourceTree = "<group>";
		};
		67C369E418A383A700EA237F /* InfoPlist.strings */ = {
			isa = PBXVariantGroup;
			children = (
				67C369E518A383A700EA237F /* en */,
			);
			name = InfoPlist.strings;
			sourceTree = "<group>";
		};
/* End PBXVariantGroup section */

/* Begin XCBuildConfiguration section */
		67C369E918A383A700EA237F /* Debug */ = {
			isa = XCBuildConfiguration;
			buildSettings = {
				ALWAYS_SEARCH_USER_PATHS = NO;
				ARCHS = "$(ARCHS_STANDARD_INCLUDING_64_BIT)";
				CLANG_CXX_LANGUAGE_STANDARD = "gnu++0x";
				CLANG_CXX_LIBRARY = "libc++";
				CLANG_ENABLE_MODULES = YES;
				CLANG_ENABLE_OBJC_ARC = YES;
				CLANG_WARN_BOOL_CONVERSION = YES;
				CLANG_WARN_CONSTANT_CONVERSION = YES;
				CLANG_WARN_DIRECT_OBJC_ISA_USAGE = YES_ERROR;
				CLANG_WARN_EMPTY_BODY = YES;
				CLANG_WARN_ENUM_CONVERSION = YES;
				CLANG_WARN_INT_CONVERSION = YES;
				CLANG_WARN_OBJC_ROOT_CLASS = YES_ERROR;
				CLANG_WARN__DUPLICATE_METHOD_MATCH = YES;
				"CODE_SIGN_IDENTITY[sdk=iphoneos*]" = "iPhone Developer";
				COPY_PHASE_STRIP = NO;
				GCC_C_LANGUAGE_STANDARD = gnu99;
				GCC_DYNAMIC_NO_PIC = NO;
				GCC_OPTIMIZATION_LEVEL = 0;
				GCC_PREPROCESSOR_DEFINITIONS = (
					"DEBUG=1",
					"$(inherited)",
				);
				GCC_SYMBOLS_PRIVATE_EXTERN = NO;
				GCC_WARN_64_TO_32_BIT_CONVERSION = YES;
				GCC_WARN_ABOUT_RETURN_TYPE = YES_ERROR;
				GCC_WARN_UNDECLARED_SELECTOR = YES;
				GCC_WARN_UNINITIALIZED_AUTOS = YES;
				GCC_WARN_UNUSED_FUNCTION = YES;
				GCC_WARN_UNUSED_VARIABLE = YES;
				IPHONEOS_DEPLOYMENT_TARGET = 7.0;
				ONLY_ACTIVE_ARCH = YES;
				SDKROOT = iphoneos;
			};
			name = Debug;
		};
		67C369EA18A383A700EA237F /* Release */ = {
			isa = XCBuildConfiguration;
			buildSettings = {
				ALWAYS_SEARCH_USER_PATHS = NO;
				ARCHS = "$(ARCHS_STANDARD_INCLUDING_64_BIT)";
				CLANG_CXX_LANGUAGE_STANDARD = "gnu++0x";
				CLANG_CXX_LIBRARY = "libc++";
				CLANG_ENABLE_MODULES = YES;
				CLANG_ENABLE_OBJC_ARC = YES;
				CLANG_WARN_BOOL_CONVERSION = YES;
				CLANG_WARN_CONSTANT_CONVERSION = YES;
				CLANG_WARN_DIRECT_OBJC_ISA_USAGE = YES_ERROR;
				CLANG_WARN_EMPTY_BODY = YES;
				CLANG_WARN_ENUM_CONVERSION = YES;
				CLANG_WARN_INT_CONVERSION = YES;
				CLANG_WARN_OBJC_ROOT_CLASS = YES_ERROR;
				CLANG_WARN__DUPLICATE_METHOD_MATCH = YES;
				"CODE_SIGN_IDENTITY[sdk=iphoneos*]" = "iPhone Developer";
				COPY_PHASE_STRIP = YES;
				ENABLE_NS_ASSERTIONS = NO;
				GCC_C_LANGUAGE_STANDARD = gnu99;
				GCC_WARN_64_TO_32_BIT_CONVERSION = YES;
				GCC_WARN_ABOUT_RETURN_TYPE = YES_ERROR;
				GCC_WARN_UNDECLARED_SELECTOR = YES;
				GCC_WARN_UNINITIALIZED_AUTOS = YES;
				GCC_WARN_UNUSED_FUNCTION = YES;
				GCC_WARN_UNUSED_VARIABLE = YES;
				IPHONEOS_DEPLOYMENT_TARGET = 7.0;
				SDKROOT = iphoneos;
				VALIDATE_PRODUCT = YES;
			};
			name = Release;
		};
		67C369EC18A383A700EA237F /* Debug */ = {
			isa = XCBuildConfiguration;
			buildSettings = {
				ASSETCATALOG_COMPILER_APPICON_NAME = AppIcon;
				ASSETCATALOG_COMPILER_LAUNCHIMAGE_NAME = LaunchImage;
				GCC_PRECOMPILE_PREFIX_HEADER = YES;
				GCC_PREFIX_HEADER = "Attributor/Attributor-Prefix.pch";
				INFOPLIST_FILE = "Attributor/Attributor-Info.plist";
				PRODUCT_NAME = "$(TARGET_NAME)";
				WRAPPER_EXTENSION = app;
			};
			name = Debug;
		};
		67C369ED18A383A700EA237F /* Release */ = {
			isa = XCBuildConfiguration;
			buildSettings = {
				ASSETCATALOG_COMPILER_APPICON_NAME = AppIcon;
				ASSETCATALOG_COMPILER_LAUNCHIMAGE_NAME = LaunchImage;
				GCC_PRECOMPILE_PREFIX_HEADER = YES;
				GCC_PREFIX_HEADER = "Attributor/Attributor-Prefix.pch";
				INFOPLIST_FILE = "Attributor/Attributor-Info.plist";
				PRODUCT_NAME = "$(TARGET_NAME)";
				WRAPPER_EXTENSION = app;
			};
			name = Release;
		};
		67C369EF18A383A700EA237F /* Debug */ = {
			isa = XCBuildConfiguration;
			buildSettings = {
				ARCHS = "$(ARCHS_STANDARD_INCLUDING_64_BIT)";
				BUNDLE_LOADER = "$(BUILT_PRODUCTS_DIR)/Attributor.app/Attributor";
				FRAMEWORK_SEARCH_PATHS = (
					"$(SDKROOT)/Developer/Library/Frameworks",
					"$(inherited)",
					"$(DEVELOPER_FRAMEWORKS_DIR)",
				);
				GCC_PRECOMPILE_PREFIX_HEADER = YES;
				GCC_PREFIX_HEADER = "Attributor/Attributor-Prefix.pch";
				GCC_PREPROCESSOR_DEFINITIONS = (
					"DEBUG=1",
					"$(inherited)",
				);
				INFOPLIST_FILE = "AttributorTests/AttributorTests-Info.plist";
				PRODUCT_NAME = "$(TARGET_NAME)";
				TEST_HOST = "$(BUNDLE_LOADER)";
				WRAPPER_EXTENSION = xctest;
			};
			name = Debug;
		};
		67C369F018A383A700EA237F /* Release */ = {
			isa = XCBuildConfiguration;
			buildSettings = {
				ARCHS = "$(ARCHS_STANDARD_INCLUDING_64_BIT)";
				BUNDLE_LOADER = "$(BUILT_PRODUCTS_DIR)/Attributor.app/Attributor";
				FRAMEWORK_SEARCH_PATHS = (
					"$(SDKROOT)/Developer/Library/Frameworks",
					"$(inherited)",
					"$(DEVELOPER_FRAMEWORKS_DIR)",
				);
				GCC_PRECOMPILE_PREFIX_HEADER = YES;
				GCC_PREFIX_HEADER = "Attributor/Attributor-Prefix.pch";
				INFOPLIST_FILE = "AttributorTests/AttributorTests-Info.plist";
				PRODUCT_NAME = "$(TARGET_NAME)";
				TEST_HOST = "$(BUNDLE_LOADER)";
				WRAPPER_EXTENSION = xctest;
			};
			name = Release;
		};
/* End XCBuildConfiguration section */

/* Begin XCConfigurationList section */
		67C369B418A383A700EA237F /* Build configuration list for PBXProject "Attributor" */ = {
			isa = XCConfigurationList;
			buildConfigurations = (
				67C369E918A383A700EA237F /* Debug */,
				67C369EA18A383A700EA237F /* Release */,
			);
			defaultConfigurationIsVisible = 0;
			defaultConfigurationName = Release;
		};
		67C369EB18A383A700EA237F /* Build configuration list for PBXNativeTarget "Attributor" */ = {
			isa = XCConfigurationList;
			buildConfigurations = (
				67C369EC18A383A700EA237F /* Debug */,
				67C369ED18A383A700EA237F /* Release */,
			);
			defaultConfigurationIsVisible = 0;
		};
		67C369EE18A383A700EA237F /* Build configuration list for PBXNativeTarget "AttributorTests" */ = {
			isa = XCConfigurationList;
			buildConfigurations = (
				67C369EF18A383A700EA237F /* Debug */,
				67C369F018A383A700EA237F /* Release */,
			);
			defaultConfigurationIsVisible = 0;
		};
/* End XCConfigurationList section */
	};
	rootObject = 67C369B118A383A700EA237F /* Project object */;
}
